
Microsoft Visual Studio Solution File, Format Version 12.00
# Visual Studio Version 17
VisualStudioVersion = 17.3.32929.385
MinimumVisualStudioVersion = 10.0.40219.1
Project("{FAE04EC0-301F-11D3-BF4B-00C04F79EFBC}") = "SpotifyApp", "SpotifyApp\SpotifyApp.csproj", "{57FBB8AE-8FEC-4B63-BB49-2464E6918A39}"
EndProject
Global
	GlobalSection(SolutionConfigurationPlatforms) = preSolution
		Debug|Any CPU = Debug|Any CPU
		Release|Any CPU = Release|Any CPU
	EndGlobalSection
	GlobalSection(ProjectConfigurationPlatforms) = postSolution
		{57FBB8AE-8FEC-4B63-BB49-2464E6918A39}.Debug|Any CPU.ActiveCfg = Debug|Any CPU
		{57FBB8AE-8FEC-4B63-BB49-2464E6918A39}.Debug|Any CPU.Build.0 = Debug|Any CPU
		{57FBB8AE-8FEC-4B63-BB49-2464E6918A39}.Release|Any CPU.ActiveCfg = Release|Any CPU
		{57FBB8AE-8FEC-4B63-BB49-2464E6918A39}.Release|Any CPU.Build.0 = Release|Any CPU
	EndGlobalSection
	GlobalSection(SolutionProperties) = preSolution
		HideSolutionNode = FALSE
	EndGlobalSection
	GlobalSection(ExtensibilityGlobals) = postSolution
		SolutionGuid = {1B75F67A-BFE1-4BF9-87EA-18F6736AB066}
	EndGlobalSection
EndGlobal
